
Microsoft Visual Studio Solution File, Format Version 12.00
# Visual Studio 15
VisualStudioVersion = 15.0.28307.902
MinimumVisualStudioVersion = 10.0.40219.1
Project("{FAE04EC0-301F-11D3-BF4B-00C04F79EFBC}") = "LatvanyossagokApplication", "LatvanyossagokApplication.csproj", "{FF7F6A41-88AA-49F9-B099-371868C72B22}"
EndProject
Global
	GlobalSection(SolutionConfigurationPlatforms) = preSolution
		Debug|Any CPU = Debug|Any CPU
		Release|Any CPU = Release|Any CPU
	EndGlobalSection
	GlobalSection(ProjectConfigurationPlatforms) = postSolution
		{FF7F6A41-88AA-49F9-B099-371868C72B22}.Debug|Any CPU.ActiveCfg = Debug|Any CPU
		{FF7F6A41-88AA-49F9-B099-371868C72B22}.Debug|Any CPU.Build.0 = Debug|Any CPU
		{FF7F6A41-88AA-49F9-B099-371868C72B22}.Release|Any CPU.ActiveCfg = Release|Any CPU
		{FF7F6A41-88AA-49F9-B099-371868C72B22}.Release|Any CPU.Build.0 = Release|Any CPU
	EndGlobalSection
	GlobalSection(SolutionProperties) = preSolution
		HideSolutionNode = FALSE
	EndGlobalSection
	GlobalSection(ExtensibilityGlobals) = postSolution
		SolutionGuid = {B0F1BC8A-E4FC-462D-A0FD-942C7236AED2}
	EndGlobalSection
EndGlobal
